// !$*UTF8*$!
{
	archiveVersion = 1;
	classes = {
	};
	objectVersion = 56;
	objects = {

/* Begin PBXBuildFile section */
		280ACA132A4DA2520052798D /* AppDelegate.swift in Sources */ = {isa = PBXBuildFile; fileRef = 280ACA122A4DA2520052798D /* AppDelegate.swift */; };
		280ACA172A4DA2520052798D /* ViewController.swift in Sources */ = {isa = PBXBuildFile; fileRef = 280ACA162A4DA2520052798D /* ViewController.swift */; };
		280ACA1C2A4DA2520052798D /* Assets.xcassets in Resources */ = {isa = PBXBuildFile; fileRef = 280ACA1B2A4DA2520052798D /* Assets.xcassets */; };
		280ACA272A52E4F30052798D /* assets in Resources */ = {isa = PBXBuildFile; fileRef = 280ACA262A52E4F30052798D /* assets */; };
		280ACA292A52E72F0052798D /* Variants.swift in Sources */ = {isa = PBXBuildFile; fileRef = 280ACA282A52E72F0052798D /* Variants.swift */; };
		9EAAAF4DEE74D7DF9B528B68 /* Pods_ios_golden_sample_app.framework in Frameworks */ = {isa = PBXBuildFile; fileRef = 9E60C603CAB2AC813ECB6441 /* Pods_ios_golden_sample_app.framework */; };
/* End PBXBuildFile section */

/* Begin PBXFileReference section */
		280ACA0F2A4DA2520052798D /* ios-golden-sample-app.app */ = {isa = PBXFileReference; explicitFileType = wrapper.application; includeInIndex = 0; path = "ios-golden-sample-app.app"; sourceTree = BUILT_PRODUCTS_DIR; };
		280ACA122A4DA2520052798D /* AppDelegate.swift */ = {isa = PBXFileReference; lastKnownFileType = sourcecode.swift; path = AppDelegate.swift; sourceTree = "<group>"; };
		280ACA162A4DA2520052798D /* ViewController.swift */ = {isa = PBXFileReference; lastKnownFileType = sourcecode.swift; path = ViewController.swift; sourceTree = "<group>"; };
		280ACA1B2A4DA2520052798D /* Assets.xcassets */ = {isa = PBXFileReference; lastKnownFileType = folder.assetcatalog; path = Assets.xcassets; sourceTree = "<group>"; };
		280ACA202A4DA2520052798D /* Info.plist */ = {isa = PBXFileReference; lastKnownFileType = text.plist.xml; path = Info.plist; sourceTree = "<group>"; };
		280ACA262A52E4F30052798D /* assets */ = {isa = PBXFileReference; lastKnownFileType = folder; path = assets; sourceTree = "<group>"; };
		280ACA282A52E72F0052798D /* Variants.swift */ = {isa = PBXFileReference; lastKnownFileType = sourcecode.swift; path = Variants.swift; sourceTree = "<group>"; };
		3F27C0FC83140EB5910476B5 /* Pods-ios-golden-sample-app.release.xcconfig */ = {isa = PBXFileReference; includeInIndex = 1; lastKnownFileType = text.xcconfig; name = "Pods-ios-golden-sample-app.release.xcconfig"; path = "Target Support Files/Pods-ios-golden-sample-app/Pods-ios-golden-sample-app.release.xcconfig"; sourceTree = "<group>"; };
		9E60C603CAB2AC813ECB6441 /* Pods_ios_golden_sample_app.framework */ = {isa = PBXFileReference; explicitFileType = wrapper.framework; includeInIndex = 0; path = Pods_ios_golden_sample_app.framework; sourceTree = BUILT_PRODUCTS_DIR; };
		B45EBFC1D0BA9D1A91F04F75 /* Pods-ios-golden-sample-app.debug.xcconfig */ = {isa = PBXFileReference; includeInIndex = 1; lastKnownFileType = text.xcconfig; name = "Pods-ios-golden-sample-app.debug.xcconfig"; path = "Target Support Files/Pods-ios-golden-sample-app/Pods-ios-golden-sample-app.debug.xcconfig"; sourceTree = "<group>"; };
/* End PBXFileReference section */

/* Begin PBXFrameworksBuildPhase section */
		280ACA0C2A4DA2520052798D /* Frameworks */ = {
			isa = PBXFrameworksBuildPhase;
			buildActionMask = 2147483647;
			files = (
				9EAAAF4DEE74D7DF9B528B68 /* Pods_ios_golden_sample_app.framework in Frameworks */,
			);
			runOnlyForDeploymentPostprocessing = 0;
		};
/* End PBXFrameworksBuildPhase section */

/* Begin PBXGroup section */
		280ACA062A4DA2520052798D = {
			isa = PBXGroup;
			children = (
				280ACA112A4DA2520052798D /* ios-golden-sample-app */,
				280ACA102A4DA2520052798D /* Products */,
				DD05FED82D165D64D051F15E /* Pods */,
				9481E9094F97C85BBF022E9A /* Frameworks */,
			);
			sourceTree = "<group>";
		};
		280ACA102A4DA2520052798D /* Products */ = {
			isa = PBXGroup;
			children = (
				280ACA0F2A4DA2520052798D /* ios-golden-sample-app.app */,
			);
			name = Products;
			sourceTree = "<group>";
		};
		280ACA112A4DA2520052798D /* ios-golden-sample-app */ = {
			isa = PBXGroup;
			children = (
				280ACA262A52E4F30052798D /* assets */,
				280ACA122A4DA2520052798D /* AppDelegate.swift */,
				280ACA162A4DA2520052798D /* ViewController.swift */,
				280ACA1B2A4DA2520052798D /* Assets.xcassets */,
				280ACA202A4DA2520052798D /* Info.plist */,
				280ACA282A52E72F0052798D /* Variants.swift */,
			);
			path = "ios-golden-sample-app";
			sourceTree = "<group>";
		};
		9481E9094F97C85BBF022E9A /* Frameworks */ = {
			isa = PBXGroup;
			children = (
				9E60C603CAB2AC813ECB6441 /* Pods_ios_golden_sample_app.framework */,
			);
			name = Frameworks;
			sourceTree = "<group>";
		};
		DD05FED82D165D64D051F15E /* Pods */ = {
			isa = PBXGroup;
			children = (
				B45EBFC1D0BA9D1A91F04F75 /* Pods-ios-golden-sample-app.debug.xcconfig */,
				3F27C0FC83140EB5910476B5 /* Pods-ios-golden-sample-app.release.xcconfig */,
			);
			path = Pods;
			sourceTree = "<group>";
		};
/* End PBXGroup section */

/* Begin PBXNativeTarget section */
		280ACA0E2A4DA2520052798D /* ios-golden-sample-app */ = {
			isa = PBXNativeTarget;
			buildConfigurationList = 280ACA232A4DA2520052798D /* Build configuration list for PBXNativeTarget "ios-golden-sample-app" */;
			buildPhases = (
				47DC779366AAE25755302264 /* [CP] Check Pods Manifest.lock */,
				280ACA0B2A4DA2520052798D /* Sources */,
				280ACA0C2A4DA2520052798D /* Frameworks */,
				280ACA0D2A4DA2520052798D /* Resources */,
				6009DA83D8F993FF9E96E7D2 /* [CP] Embed Pods Frameworks */,
				31338F7984796665DCE8D082 /* [CP] Copy Pods Resources */,
			);
			buildRules = (
			);
			dependencies = (
			);
			name = "ios-golden-sample-app";
			productName = "ios-golden-sample-app";
			productReference = 280ACA0F2A4DA2520052798D /* ios-golden-sample-app.app */;
			productType = "com.apple.product-type.application";
		};
/* End PBXNativeTarget section */

/* Begin PBXProject section */
		280ACA072A4DA2520052798D /* Project object */ = {
			isa = PBXProject;
			attributes = {
				BuildIndependentTargetsInParallel = 1;
				LastSwiftUpdateCheck = 1430;
				LastUpgradeCheck = 1430;
				TargetAttributes = {
					280ACA0E2A4DA2520052798D = {
						CreatedOnToolsVersion = 14.3;
					};
				};
			};
			buildConfigurationList = 280ACA0A2A4DA2520052798D /* Build configuration list for PBXProject "ios-golden-sample-app" */;
			compatibilityVersion = "Xcode 14.0";
			developmentRegion = en;
			hasScannedForEncodings = 0;
			knownRegions = (
				en,
				Base,
			);
			mainGroup = 280ACA062A4DA2520052798D;
			productRefGroup = 280ACA102A4DA2520052798D /* Products */;
			projectDirPath = "";
			projectRoot = "";
			targets = (
				280ACA0E2A4DA2520052798D /* ios-golden-sample-app */,
			);
		};
/* End PBXProject section */

/* Begin PBXResourcesBuildPhase section */
		280ACA0D2A4DA2520052798D /* Resources */ = {
			isa = PBXResourcesBuildPhase;
			buildActionMask = 2147483647;
			files = (
				280ACA272A52E4F30052798D /* assets in Resources */,
				280ACA1C2A4DA2520052798D /* Assets.xcassets in Resources */,
			);
			runOnlyForDeploymentPostprocessing = 0;
		};
/* End PBXResourcesBuildPhase section */

/* Begin PBXShellScriptBuildPhase section */
		31338F7984796665DCE8D082 /* [CP] Copy Pods Resources */ = {
			isa = PBXShellScriptBuildPhase;
			buildActionMask = 2147483647;
			files = (
			);
			inputFileListPaths = (
				"${PODS_ROOT}/Target Support Files/Pods-ios-golden-sample-app/Pods-ios-golden-sample-app-resources-${CONFIGURATION}-input-files.xcfilelist",
			);
			name = "[CP] Copy Pods Resources";
			outputFileListPaths = (
				"${PODS_ROOT}/Target Support Files/Pods-ios-golden-sample-app/Pods-ios-golden-sample-app-resources-${CONFIGURATION}-output-files.xcfilelist",
			);
			runOnlyForDeploymentPostprocessing = 0;
			shellPath = /bin/sh;
			shellScript = "\"${PODS_ROOT}/Target Support Files/Pods-ios-golden-sample-app/Pods-ios-golden-sample-app-resources.sh\"\n";
			showEnvVarsInLog = 0;
		};
		47DC779366AAE25755302264 /* [CP] Check Pods Manifest.lock */ = {
			isa = PBXShellScriptBuildPhase;
			buildActionMask = 2147483647;
			files = (
			);
			inputFileListPaths = (
			);
			inputPaths = (
				"${PODS_PODFILE_DIR_PATH}/Podfile.lock",
				"${PODS_ROOT}/Manifest.lock",
			);
			name = "[CP] Check Pods Manifest.lock";
			outputFileListPaths = (
			);
			outputPaths = (
				"$(DERIVED_FILE_DIR)/Pods-ios-golden-sample-app-checkManifestLockResult.txt",
			);
			runOnlyForDeploymentPostprocessing = 0;
			shellPath = /bin/sh;
			shellScript = "diff \"${PODS_PODFILE_DIR_PATH}/Podfile.lock\" \"${PODS_ROOT}/Manifest.lock\" > /dev/null\nif [ $? != 0 ] ; then\n    # print error to STDERR\n    echo \"error: The sandbox is not in sync with the Podfile.lock. Run 'pod install' or update your CocoaPods installation.\" >&2\n    exit 1\nfi\n# This output is used by Xcode 'outputs' to avoid re-running this script phase.\necho \"SUCCESS\" > \"${SCRIPT_OUTPUT_FILE_0}\"\n";
			showEnvVarsInLog = 0;
		};
		6009DA83D8F993FF9E96E7D2 /* [CP] Embed Pods Frameworks */ = {
			isa = PBXShellScriptBuildPhase;
			buildActionMask = 2147483647;
			files = (
			);
			inputFileListPaths = (
				"${PODS_ROOT}/Target Support Files/Pods-ios-golden-sample-app/Pods-ios-golden-sample-app-frameworks-${CONFIGURATION}-input-files.xcfilelist",
			);
			name = "[CP] Embed Pods Frameworks";
			outputFileListPaths = (
				"${PODS_ROOT}/Target Support Files/Pods-ios-golden-sample-app/Pods-ios-golden-sample-app-frameworks-${CONFIGURATION}-output-files.xcfilelist",
			);
			runOnlyForDeploymentPostprocessing = 0;
			shellPath = /bin/sh;
			shellScript = "\"${PODS_ROOT}/Target Support Files/Pods-ios-golden-sample-app/Pods-ios-golden-sample-app-frameworks.sh\"\n";
			showEnvVarsInLog = 0;
		};
/* End PBXShellScriptBuildPhase section */

/* Begin PBXSourcesBuildPhase section */
		280ACA0B2A4DA2520052798D /* Sources */ = {
			isa = PBXSourcesBuildPhase;
			buildActionMask = 2147483647;
			files = (
				280ACA172A4DA2520052798D /* ViewController.swift in Sources */,
				280ACA292A52E72F0052798D /* Variants.swift in Sources */,
				280ACA132A4DA2520052798D /* AppDelegate.swift in Sources */,
			);
			runOnlyForDeploymentPostprocessing = 0;
		};
/* End PBXSourcesBuildPhase section */

/* Begin XCBuildConfiguration section */
		280ACA212A4DA2520052798D /* Debug */ = {
			isa = XCBuildConfiguration;
			buildSettings = {
				ALWAYS_SEARCH_USER_PATHS = NO;
				CLANG_ANALYZER_NONNULL = YES;
				CLANG_ANALYZER_NUMBER_OBJECT_CONVERSION = YES_AGGRESSIVE;
				CLANG_CXX_LANGUAGE_STANDARD = "gnu++20";
				CLANG_ENABLE_MODULES = YES;
				CLANG_ENABLE_OBJC_ARC = YES;
				CLANG_ENABLE_OBJC_WEAK = YES;
				CLANG_WARN_BLOCK_CAPTURE_AUTORELEASING = YES;
				CLANG_WARN_BOOL_CONVERSION = YES;
				CLANG_WARN_COMMA = YES;
				CLANG_WARN_CONSTANT_CONVERSION = YES;
				CLANG_WARN_DEPRECATED_OBJC_IMPLEMENTATIONS = YES;
				CLANG_WARN_DIRECT_OBJC_ISA_USAGE = YES_ERROR;
				CLANG_WARN_DOCUMENTATION_COMMENTS = YES;
				CLANG_WARN_EMPTY_BODY = YES;
				CLANG_WARN_ENUM_CONVERSION = YES;
				CLANG_WARN_INFINITE_RECURSION = YES;
				CLANG_WARN_INT_CONVERSION = YES;
				CLANG_WARN_NON_LITERAL_NULL_CONVERSION = YES;
				CLANG_WARN_OBJC_IMPLICIT_RETAIN_SELF = YES;
				CLANG_WARN_OBJC_LITERAL_CONVERSION = YES;
				CLANG_WARN_OBJC_ROOT_CLASS = YES_ERROR;
				CLANG_WARN_QUOTED_INCLUDE_IN_FRAMEWORK_HEADER = YES;
				CLANG_WARN_RANGE_LOOP_ANALYSIS = YES;
				CLANG_WARN_STRICT_PROTOTYPES = YES;
				CLANG_WARN_SUSPICIOUS_MOVE = YES;
				CLANG_WARN_UNGUARDED_AVAILABILITY = YES_AGGRESSIVE;
				CLANG_WARN_UNREACHABLE_CODE = YES;
				CLANG_WARN__DUPLICATE_METHOD_MATCH = YES;
				COPY_PHASE_STRIP = NO;
				DEBUG_INFORMATION_FORMAT = dwarf;
				ENABLE_STRICT_OBJC_MSGSEND = YES;
				ENABLE_TESTABILITY = YES;
				GCC_C_LANGUAGE_STANDARD = gnu11;
				GCC_DYNAMIC_NO_PIC = NO;
				GCC_NO_COMMON_BLOCKS = YES;
				GCC_OPTIMIZATION_LEVEL = 0;
				GCC_PREPROCESSOR_DEFINITIONS = (
					"DEBUG=1",
					"$(inherited)",
				);
				GCC_WARN_64_TO_32_BIT_CONVERSION = YES;
				GCC_WARN_ABOUT_RETURN_TYPE = YES_ERROR;
				GCC_WARN_UNDECLARED_SELECTOR = YES;
				GCC_WARN_UNINITIALIZED_AUTOS = YES_AGGRESSIVE;
				GCC_WARN_UNUSED_FUNCTION = YES;
				GCC_WARN_UNUSED_VARIABLE = YES;
				IPHONEOS_DEPLOYMENT_TARGET = 14.0;
				MTL_ENABLE_DEBUG_INFO = INCLUDE_SOURCE;
				MTL_FAST_MATH = YES;
				ONLY_ACTIVE_ARCH = YES;
				SDKROOT = iphoneos;
				SWIFT_ACTIVE_COMPILATION_CONDITIONS = DEBUG;
				SWIFT_OPTIMIZATION_LEVEL = "-Onone";
			};
			name = Debug;
		};
		280ACA222A4DA2520052798D /* Release */ = {
			isa = XCBuildConfiguration;
			buildSettings = {
				ALWAYS_SEARCH_USER_PATHS = NO;
				CLANG_ANALYZER_NONNULL = YES;
				CLANG_ANALYZER_NUMBER_OBJECT_CONVERSION = YES_AGGRESSIVE;
				CLANG_CXX_LANGUAGE_STANDARD = "gnu++20";
				CLANG_ENABLE_MODULES = YES;
				CLANG_ENABLE_OBJC_ARC = YES;
				CLANG_ENABLE_OBJC_WEAK = YES;
				CLANG_WARN_BLOCK_CAPTURE_AUTORELEASING = YES;
				CLANG_WARN_BOOL_CONVERSION = YES;
				CLANG_WARN_COMMA = YES;
				CLANG_WARN_CONSTANT_CONVERSION = YES;
				CLANG_WARN_DEPRECATED_OBJC_IMPLEMENTATIONS = YES;
				CLANG_WARN_DIRECT_OBJC_ISA_USAGE = YES_ERROR;
				CLANG_WARN_DOCUMENTATION_COMMENTS = YES;
				CLANG_WARN_EMPTY_BODY = YES;
				CLANG_WARN_ENUM_CONVERSION = YES;
				CLANG_WARN_INFINITE_RECURSION = YES;
				CLANG_WARN_INT_CONVERSION = YES;
				CLANG_WARN_NON_LITERAL_NULL_CONVERSION = YES;
				CLANG_WARN_OBJC_IMPLICIT_RETAIN_SELF = YES;
				CLANG_WARN_OBJC_LITERAL_CONVERSION = YES;
				CLANG_WARN_OBJC_ROOT_CLASS = YES_ERROR;
				CLANG_WARN_QUOTED_INCLUDE_IN_FRAMEWORK_HEADER = YES;
				CLANG_WARN_RANGE_LOOP_ANALYSIS = YES;
				CLANG_WARN_STRICT_PROTOTYPES = YES;
				CLANG_WARN_SUSPICIOUS_MOVE = YES;
				CLANG_WARN_UNGUARDED_AVAILABILITY = YES_AGGRESSIVE;
				CLANG_WARN_UNREACHABLE_CODE = YES;
				CLANG_WARN__DUPLICATE_METHOD_MATCH = YES;
				COPY_PHASE_STRIP = NO;
				DEBUG_INFORMATION_FORMAT = "dwarf-with-dsym";
				ENABLE_NS_ASSERTIONS = NO;
				ENABLE_STRICT_OBJC_MSGSEND = YES;
				GCC_C_LANGUAGE_STANDARD = gnu11;
				GCC_NO_COMMON_BLOCKS = YES;
				GCC_WARN_64_TO_32_BIT_CONVERSION = YES;
				GCC_WARN_ABOUT_RETURN_TYPE = YES_ERROR;
				GCC_WARN_UNDECLARED_SELECTOR = YES;
				GCC_WARN_UNINITIALIZED_AUTOS = YES_AGGRESSIVE;
				GCC_WARN_UNUSED_FUNCTION = YES;
				GCC_WARN_UNUSED_VARIABLE = YES;
				IPHONEOS_DEPLOYMENT_TARGET = 14.0;
				MTL_ENABLE_DEBUG_INFO = NO;
				MTL_FAST_MATH = YES;
				SDKROOT = iphoneos;
				SWIFT_COMPILATION_MODE = wholemodule;
				SWIFT_OPTIMIZATION_LEVEL = "-O";
				VALIDATE_PRODUCT = YES;
			};
			name = Release;
		};
		280ACA242A4DA2520052798D /* Debug */ = {
			isa = XCBuildConfiguration;
			baseConfigurationReference = B45EBFC1D0BA9D1A91F04F75 /* Pods-ios-golden-sample-app.debug.xcconfig */;
			buildSettings = {
				ASSETCATALOG_COMPILER_APPICON_NAME = AppIcon;
				ASSETCATALOG_COMPILER_GLOBAL_ACCENT_COLOR_NAME = AccentColor;
				CODE_SIGN_STYLE = Automatic;
				CURRENT_PROJECT_VERSION = 1;
				GENERATE_INFOPLIST_FILE = YES;
				INFOPLIST_FILE = "ios-golden-sample-app/Info.plist";
				INFOPLIST_KEY_NSFaceIDUsageDescription = "Sign in to the app using biometrics";
				INFOPLIST_KEY_UIApplicationSupportsIndirectInputEvents = YES;
				INFOPLIST_KEY_UILaunchStoryboardName = LaunchScreen;
				INFOPLIST_KEY_UISupportedInterfaceOrientations = "UIInterfaceOrientationPortrait UIInterfaceOrientationPortraitUpsideDown";
				INFOPLIST_KEY_UISupportedInterfaceOrientations_iPad = UIInterfaceOrientationPortrait;
				LD_RUNPATH_SEARCH_PATHS = (
					"$(inherited)",
					"@executable_path/Frameworks",
				);
				MARKETING_VERSION = 1.0;
				PRODUCT_BUNDLE_IDENTIFIER = com.backbase.goldensampleapp;
				PRODUCT_NAME = "$(TARGET_NAME)";
				SWIFT_EMIT_LOC_STRINGS = YES;
				SWIFT_VERSION = 5.0;
				TARGETED_DEVICE_FAMILY = "1,2";
			};
			name = Debug;
		};
		280ACA252A4DA2520052798D /* Release */ = {
			isa = XCBuildConfiguration;
			baseConfigurationReference = 3F27C0FC83140EB5910476B5 /* Pods-ios-golden-sample-app.release.xcconfig */;
			buildSettings = {
				ASSETCATALOG_COMPILER_APPICON_NAME = AppIcon;
				ASSETCATALOG_COMPILER_GLOBAL_ACCENT_COLOR_NAME = AccentColor;
				CODE_SIGN_STYLE = Automatic;
				CURRENT_PROJECT_VERSION = 1;
				GENERATE_INFOPLIST_FILE = YES;
				INFOPLIST_FILE = "ios-golden-sample-app/Info.plist";
				INFOPLIST_KEY_NSFaceIDUsageDescription = "Sign in to the app using biometrics";
				INFOPLIST_KEY_UIApplicationSupportsIndirectInputEvents = YES;
				INFOPLIST_KEY_UILaunchStoryboardName = LaunchScreen;
				INFOPLIST_KEY_UISupportedInterfaceOrientations = "UIInterfaceOrientationPortrait UIInterfaceOrientationPortraitUpsideDown";
				INFOPLIST_KEY_UISupportedInterfaceOrientations_iPad = UIInterfaceOrientationPortrait;
				LD_RUNPATH_SEARCH_PATHS = (
					"$(inherited)",
					"@executable_path/Frameworks",
				);
				MARKETING_VERSION = 1.0;
				PRODUCT_BUNDLE_IDENTIFIER = com.backbase.goldensampleapp;
				PRODUCT_NAME = "$(TARGET_NAME)";
				SWIFT_EMIT_LOC_STRINGS = YES;
				SWIFT_VERSION = 5.0;
				TARGETED_DEVICE_FAMILY = "1,2";
			};
			name = Release;
		};
/* End XCBuildConfiguration section */

/* Begin XCConfigurationList section */
		280ACA0A2A4DA2520052798D /* Build configuration list for PBXProject "ios-golden-sample-app" */ = {
			isa = XCConfigurationList;
			buildConfigurations = (
				280ACA212A4DA2520052798D /* Debug */,
				280ACA222A4DA2520052798D /* Release */,
			);
			defaultConfigurationIsVisible = 0;
			defaultConfigurationName = Release;
		};
		280ACA232A4DA2520052798D /* Build configuration list for PBXNativeTarget "ios-golden-sample-app" */ = {
			isa = XCConfigurationList;
			buildConfigurations = (
				280ACA242A4DA2520052798D /* Debug */,
				280ACA252A4DA2520052798D /* Release */,
			);
			defaultConfigurationIsVisible = 0;
			defaultConfigurationName = Release;
		};
/* End XCConfigurationList section */
	};
	rootObject = 280ACA072A4DA2520052798D /* Project object */;
}
