PODS:
  - AccessControlApiV3 (1.0.0):
    - Backbase (>= 9.0)
    - ClientCommonGen2 (>= 1.0)
  - AccessControlClient3Gen2 (1.0.0):
    - Backbase (>= 9.0)
    - ClientCommonGen2 (~> 1.0)
  - AppAuth/Core (1.7.5)
  - ArrangementsClient2Gen2 (1.2.1):
    - Backbase (>= 9.0)
    - ClientCommonGen2 (~> 1.0)
  - Backbase (12.3.0):
    - BackbaseSDKSwiftWrapper (~> 2.1)
  - BackbaseAnimation (5.0.2):
    - Resolver (= 1.2.1)
  - BackbaseCountryCore (1.1.1)
  - BackbaseDesignSystem (5.6.3):
    - BackbaseCountryCore (>= 1.1.1)
    - Resolver (~> 1.2.1)
  - BackbaseIdentity (7.2.0):
    - AppAuth/Core (~> 1.3)
    - Backbase (>= 12.0.1)
  - BackbaseObservability (2.0.0):
    - BackbaseObservability/Tests (= 2.0.0)
  - BackbaseObservability/Tests (2.0.0)
  - BackbaseOpenTelemetryConnector (1.0.1):
    - BackbaseObservability (~> 2.0)
    - SwiftProtobuf (= 1.20.2)
  - BackbaseSDKSwiftWrapper (2.1.2):
    - BackbaseSecureStorage (~> 2.1)
  - BackbaseSecureStorage (2.1.3)
  - BusinessJourneyCommon (4.0.1):
    - Backbase (>= 12.0)
    - BusinessJourneyCommon/Sources (= 4.0.1)
    - BusinessJourneyCommon/Tests (= 4.0.1)
  - BusinessJourneyCommon/Sources (4.0.1):
    - Backbase (>= 12.0)
  - BusinessJourneyCommon/Tests (4.0.1):
    - Backbase (>= 12.0)
  - BusinessWorkspacesJourney (7.1.0):
    - BackbaseAnimation (>= 4.0)
    - BackbaseDesignSystem (>= 4.0)
    - BackbaseObservability (>= 1.0)
    - BusinessJourneyCommon (~> 4.0)
    - BusinessWorkspacesJourney/Sources (= 7.1.0)
    - BusinessWorkspacesJourney/Tests (= 7.1.0)
    - Resolver (~> 1.2.1)
    - RetailFeatureFilterUseCase (>= 3.0)
  - BusinessWorkspacesJourney/Sources (7.1.0):
    - BackbaseAnimation (>= 4.0)
    - BackbaseDesignSystem (>= 4.0)
    - BackbaseObservability (>= 1.0)
    - BusinessJourneyCommon (~> 4.0)
    - Resolver (~> 1.2.1)
    - RetailFeatureFilterUseCase (>= 3.0)
  - BusinessWorkspacesJourney/Tests (7.1.0):
    - BackbaseAnimation (>= 4.0)
    - BackbaseDesignSystem (>= 4.0)
    - BackbaseObservability (>= 1.0)
    - BusinessJourneyCommon (~> 4.0)
    - Resolver (~> 1.2.1)
    - RetailFeatureFilterUseCase (>= 3.0)
  - BusinessWorkspacesJourneyWorkspacesUseCase2 (7.1.0):
    - AccessControlClient3Gen2 (~> 1.0.0)
    - BusinessWorkspacesJourney (~> 7.1.0)
    - BusinessWorkspacesJourneyWorkspacesUseCase2/Sources (= 7.1.0)
    - BusinessWorkspacesJourneyWorkspacesUseCase2/Tests (= 7.1.0)
  - BusinessWorkspacesJourneyWorkspacesUseCase2/Sources (7.1.0):
    - AccessControlClient3Gen2 (~> 1.0.0)
    - BusinessWorkspacesJourney (~> 7.1.0)
  - BusinessWorkspacesJourneyWorkspacesUseCase2/Tests (7.1.0):
    - AccessControlClient3Gen2 (~> 1.0.0)
    - BusinessWorkspacesJourney (~> 7.1.0)
  - ClientCommon (1.1.5):
    - Backbase (>= 7.8.0)
  - ClientCommonGen2 (1.0.0):
    - Backbase (>= 9.0)
  - IdentityAuthenticationJourney (7.2.0):
    - BackbaseAnimation (>= 4.0.0)
    - BackbaseDesignSystem (>= 5.3.0)
    - BackbaseIdentity (~> 7.2.0)
    - BackbaseObservability (>= 1.0)
    - Resolver (~> 1.2.1)
    - RxCocoa (~> 5)
    - RxSwift (~> 5)
    - SnapKit (~> 5.0.0)
  - Resolver (1.2.1)
  - RetailFeatureFilterAccessControlEntitlementsUseCase (4.1.0):
    - AccessControlApiV3 (~> 1.0)
    - AccessControlClient3Gen2 (~> 1.0)
    - RetailFeatureFilterUseCase (~> 4.0)
  - RetailFeatureFilterUseCase (4.1.0)
  - RetailJourneyCommon (2.1.0):
    - Resolver (= 1.2.1)
    - RxCocoa (~> 5)
    - RxSwift (~> 5)
  - RetailMoreJourney (4.3.0):
    - BackbaseDesignSystem (>= 4.0)
    - BackbaseObservability (>= 1.0)
    - RetailJourneyCommon (>= 2.0)
  - RxCocoa (5.1.3):
    - RxRelay (~> 5)
    - RxSwift (~> 5)
  - RxRelay (5.1.3):
    - RxSwift (~> 5)
  - RxSwift (5.1.3)
  - SnapKit (5.0.1)
  - SwiftLint (0.57.0)
  - SwiftProtobuf (1.20.2)
  - UserManagerClient2 (1.0.0):
    - Backbase (>= 7.8.0)
    - ClientCommon (~> 1.1)
  - UserManagerUserProfileUseCase (6.1.0):
    - Backbase (>= 12.0.0)
    - UserManagerClient2 (~> 1.0)
    - UserProfileJourney (= 6.1.0)
  - UserProfileJourney (6.1.0):
    - Backbase (>= 12.0.0)
    - BackbaseDesignSystem (>= 5.3.0)
    - BackbaseObservability (>= 1.0.0)
    - RetailJourneyCommon (>= 2.0)
    - SnapKit (~> 5.0.0)

DEPENDENCIES:
  - ArrangementsClient2Gen2 (~> 1.2.1)
  - Backbase (~> 12)
  - BackbaseDesignSystem (~> 5.6)
  - BackbaseObservability (~> 2.0)
  - BackbaseOpenTelemetryConnector (~> 1.0)
  - BusinessWorkspacesJourney (~> 7)
  - BusinessWorkspacesJourneyWorkspacesUseCase2 (~> 7)
  - IdentityAuthenticationJourney (~> 7)
  - Resolver (= 1.2.1)
  - RetailFeatureFilterAccessControlEntitlementsUseCase
  - RetailMoreJourney (~> 4)
  - SwiftLint
  - UserManagerUserProfileUseCase

SPEC REPOS:
  https://repo.backbase.com/api/pods/pods/:
    - AccessControlApiV3
    - AccessControlClient3Gen2
    - ArrangementsClient2Gen2
    - Backbase
    - BackbaseAnimation
    - BackbaseCountryCore
    - BackbaseDesignSystem
    - BackbaseIdentity
    - BackbaseObservability
    - BackbaseOpenTelemetryConnector
    - BackbaseSDKSwiftWrapper
    - BackbaseSecureStorage
    - BusinessJourneyCommon
    - BusinessWorkspacesJourney
    - BusinessWorkspacesJourneyWorkspacesUseCase2
    - ClientCommon
    - ClientCommonGen2
    - IdentityAuthenticationJourney
    - RetailFeatureFilterAccessControlEntitlementsUseCase
    - RetailFeatureFilterUseCase
    - RetailJourneyCommon
    - RetailMoreJourney
    - UserManagerClient2
    - UserManagerUserProfileUseCase
    - UserProfileJourney
  trunk:
    - AppAuth
    - Resolver
    - RxCocoa
    - RxRelay
    - RxSwift
    - SnapKit
    - SwiftLint
    - SwiftProtobuf

SPEC CHECKSUMS:
  AccessControlApiV3: b6d167a0209ae6284985c9de45b264cf359e35ae
  AccessControlClient3Gen2: 72cdcc718a885fbfff05f01e29f08396d6107002
  AppAuth: 501c04eda8a8d11f179dbe8637b7a91bb7e5d2fa
  ArrangementsClient2Gen2: b1e2297c159dda5c644b2df9283a47f32be9b0b3
  Backbase: b14e6c6ad2f2a134719a77f412756a060480998d
  BackbaseAnimation: 071e91abf409604502b3e63448c528d3cc67be50
  BackbaseCountryCore: 49599b2d360c5371e33377b371703390e3f6c633
  BackbaseDesignSystem: 7e723a38324ec9ec04dca2d4d8fca0b19c6a327b
  BackbaseIdentity: 3182fd32cdc10f13e8228250847bdfc74ffae628
  BackbaseObservability: c47494079f8d3e075934709c2b80fb38bf2133c7
  BackbaseOpenTelemetryConnector: 8b91e5b0fbe563f13e63d329e3ea2143c906ac9f
  BackbaseSDKSwiftWrapper: 027150743c664a289cc879d82eabd8e775dcf7f2
  BackbaseSecureStorage: 0f1273c4ab4a238e21578f4ec32807dbe1cde963
  BusinessJourneyCommon: fcdd883c1c16de0a8168c61d5aae963dcb342039
  BusinessWorkspacesJourney: 8217c5c4646b88363400e0a14436955d0153d081
  BusinessWorkspacesJourneyWorkspacesUseCase2: 1882452b0d9bdd3eb8fedd7becc1ddad7b76d137
  ClientCommon: c2b40fe459e67a70f969ff4ec227876270c8e461
  ClientCommonGen2: aa43d1ebe53f0f838be8b6fb8b71bd4f7c800b9f
  IdentityAuthenticationJourney: dd5b98aafc7bdd0f3b062853edf951edbb23aead
  Resolver: 764e380b2ddb26bba48c6e45ab393c968894a156
  RetailFeatureFilterAccessControlEntitlementsUseCase: ed5d126b86f6fcc55c5e3637ac32a51220eb05ad
  RetailFeatureFilterUseCase: 6051b515183e167318546f4010a6b1d860e17e9e
  RetailJourneyCommon: d82c62548f7718e749d44983124862a8c156e4b2
  RetailMoreJourney: 2a2290b84df3d6d11285b0a458585d792de6eb33
  RxCocoa: e2ed092d5432e4296aa818021d27de4090ac0354
  RxRelay: 5a18c2eb2d68326ebaf0112f80d837ae41b92b97
  RxSwift: 915abbdfb62214aa89ccd0b194d44fb478019b27
  SnapKit: 97b92857e3df3a0c71833cce143274bf6ef8e5eb
  SwiftLint: eb47480d47c982481592c195c221d11013a679cc
  SwiftProtobuf: 9f458aaa7844a2fc0b910053e66578bc4e2da9c1
  UserManagerClient2: 64af1381250ee5f8ab3395732d3d8f53561c448e
  UserManagerUserProfileUseCase: 65e28c47adb0df66e3d28a0b2d8bcc475f183e8e
  UserProfileJourney: 04b99d604df6866bfb8834bee877a98d55a92e94

PODFILE CHECKSUM: b880aec8a598f69350faf6b85aa074ce56514bde

COCOAPODS: 1.15.2
